// !$*UTF8*$!
{
	archiveVersion = 1;
	classes = {
	};
	objectVersion = 46;
	objects = {

/* Begin PBXBuildFile section */
		05072B701CB908F900234EC8 /* JWRefreshHeaderContentView.h in Headers */ = {isa = PBXBuildFile; fileRef = 05072B6E1CB908F900234EC8 /* JWRefreshHeaderContentView.h */; settings = {ATTRIBUTES = (Public, ); }; };
		05072B711CB908F900234EC8 /* JWRefreshHeaderContentView.m in Sources */ = {isa = PBXBuildFile; fileRef = 05072B6F1CB908F900234EC8 /* JWRefreshHeaderContentView.m */; };
		053808AF1CC13302008C3364 /* JWFoldawayDrawer.h in Headers */ = {isa = PBXBuildFile; fileRef = 053808AD1CC13302008C3364 /* JWFoldawayDrawer.h */; settings = {ATTRIBUTES = (Public, ); }; };
		053808B01CC13302008C3364 /* JWFoldawayDrawer.m in Sources */ = {isa = PBXBuildFile; fileRef = 053808AE1CC13302008C3364 /* JWFoldawayDrawer.m */; };
		053808BA1CC1EA27008C3364 /* JWCamaraMaskView.h in Headers */ = {isa = PBXBuildFile; fileRef = 053808B81CC1EA27008C3364 /* JWCamaraMaskView.h */; settings = {ATTRIBUTES = (Public, ); }; };
		053808BB1CC1EA27008C3364 /* JWCamaraMaskView.m in Sources */ = {isa = PBXBuildFile; fileRef = 053808B91CC1EA27008C3364 /* JWCamaraMaskView.m */; };
		058329951CAC13A000F87BAF /* JWLoadingProtocol.h in Headers */ = {isa = PBXBuildFile; fileRef = 058329931CAC13A000F87BAF /* JWLoadingProtocol.h */; settings = {ATTRIBUTES = (Public, ); }; };
		058329961CAC13A000F87BAF /* JWProgressProtocol.h in Headers */ = {isa = PBXBuildFile; fileRef = 058329941CAC13A000F87BAF /* JWProgressProtocol.h */; settings = {ATTRIBUTES = (Public, ); }; };
		C4176E2B1CA8ED7200770F24 /* JWMicrophoneView.h in Headers */ = {isa = PBXBuildFile; fileRef = C4176E291CA8ED7200770F24 /* JWMicrophoneView.h */; settings = {ATTRIBUTES = (Public, ); }; };
		C4176E2C1CA8ED7200770F24 /* JWMicrophoneView.m in Sources */ = {isa = PBXBuildFile; fileRef = C4176E2A1CA8ED7200770F24 /* JWMicrophoneView.m */; };
		C4176E2F1CA8EED500770F24 /* JWAlgorithm.m in Sources */ = {isa = PBXBuildFile; fileRef = C4176E2D1CA8EED500770F24 /* JWAlgorithm.m */; };
		C4176E301CA8EED500770F24 /* JWAlgorithm.h in Headers */ = {isa = PBXBuildFile; fileRef = C4176E2E1CA8EED500770F24 /* JWAlgorithm.h */; settings = {ATTRIBUTES = (Public, ); }; };
		C4176E531CAA1F6200770F24 /* JWCircleLoadingView.h in Headers */ = {isa = PBXBuildFile; fileRef = C4176E511CAA1F6200770F24 /* JWCircleLoadingView.h */; settings = {ATTRIBUTES = (Public, ); }; };
		C4176E541CAA1F6200770F24 /* JWCircleLoadingView.m in Sources */ = {isa = PBXBuildFile; fileRef = C4176E521CAA1F6200770F24 /* JWCircleLoadingView.m */; };
		C4176E661CAA61A400770F24 /* JWButton.h in Headers */ = {isa = PBXBuildFile; fileRef = C4176E641CAA61A400770F24 /* JWButton.h */; settings = {ATTRIBUTES = (Public, ); }; };
		C4176E671CAA61A400770F24 /* JWButton.m in Sources */ = {isa = PBXBuildFile; fileRef = C4176E651CAA61A400770F24 /* JWButton.m */; };
		C4176E6A1CAA80FA00770F24 /* UIImage+JWColor.h in Headers */ = {isa = PBXBuildFile; fileRef = C4176E681CAA80FA00770F24 /* UIImage+JWColor.h */; settings = {ATTRIBUTES = (Private, ); }; };
		C4176E6B1CAA80FA00770F24 /* UIImage+JWColor.m in Sources */ = {isa = PBXBuildFile; fileRef = C4176E691CAA80FA00770F24 /* UIImage+JWColor.m */; };
		C4220AB41CCF0D3900100E43 /* JWTextPageControl.h in Headers */ = {isa = PBXBuildFile; fileRef = C4220AB21CCF0D3900100E43 /* JWTextPageControl.h */; settings = {ATTRIBUTES = (Public, ); }; };
		C4220AB51CCF0D3900100E43 /* JWTextPageControl.m in Sources */ = {isa = PBXBuildFile; fileRef = C4220AB31CCF0D3900100E43 /* JWTextPageControl.m */; };
		C427D9051CB7A176005AE31A /* JWPageControl.h in Headers */ = {isa = PBXBuildFile; fileRef = C427D9031CB7A176005AE31A /* JWPageControl.h */; settings = {ATTRIBUTES = (Public, ); }; };
		C427D9061CB7A176005AE31A /* JWPageControl.m in Sources */ = {isa = PBXBuildFile; fileRef = C427D9041CB7A176005AE31A /* JWPageControl.m */; };
		C427D90E1CB7ACBE005AE31A /* JWRefreshHeaderView.h in Headers */ = {isa = PBXBuildFile; fileRef = C427D90C1CB7ACBE005AE31A /* JWRefreshHeaderView.h */; settings = {ATTRIBUTES = (Public, ); }; };
		C427D90F1CB7ACBE005AE31A /* JWRefreshHeaderView.m in Sources */ = {isa = PBXBuildFile; fileRef = C427D90D1CB7ACBE005AE31A /* JWRefreshHeaderView.m */; };
		C427D9211CBBA9CF005AE31A /* JWRefreshContentViewProtocol.h in Headers */ = {isa = PBXBuildFile; fileRef = C427D9201CBBA9CF005AE31A /* JWRefreshContentViewProtocol.h */; settings = {ATTRIBUTES = (Public, ); }; };
		C427D9241CBCB513005AE31A /* JWSimpleShape.h in Headers */ = {isa = PBXBuildFile; fileRef = C427D9221CBCB513005AE31A /* JWSimpleShape.h */; settings = {ATTRIBUTES = (Public, ); }; };
		C427D9251CBCB513005AE31A /* JWSimpleShape.m in Sources */ = {isa = PBXBuildFile; fileRef = C427D9231CBCB513005AE31A /* JWSimpleShape.m */; };
		C427D93D1CBCF47C005AE31A /* JWRollNumberLabel.h in Headers */ = {isa = PBXBuildFile; fileRef = C427D93B1CBCF47C005AE31A /* JWRollNumberLabel.h */; };
		C427D93E1CBCF47C005AE31A /* JWRollNumberLabel.m in Sources */ = {isa = PBXBuildFile; fileRef = C427D93C1CBCF47C005AE31A /* JWRollNumberLabel.m */; };
		C4446E241C9935C000FA3176 /* JWUIKit.h in Headers */ = {isa = PBXBuildFile; fileRef = C4446E231C9935C000FA3176 /* JWUIKit.h */; settings = {ATTRIBUTES = (Public, ); }; };
		C4446E641C99431100FA3176 /* UIView+JWFrame.h in Headers */ = {isa = PBXBuildFile; fileRef = C4446E621C99431100FA3176 /* UIView+JWFrame.h */; settings = {ATTRIBUTES = (Private, ); }; };
		C4446E651C99431100FA3176 /* UIView+JWFrame.m in Sources */ = {isa = PBXBuildFile; fileRef = C4446E631C99431100FA3176 /* UIView+JWFrame.m */; };
		C45EB42A1CB50EBC00792DF0 /* JWToast.h in Headers */ = {isa = PBXBuildFile; fileRef = C45EB4281CB50EBC00792DF0 /* JWToast.h */; settings = {ATTRIBUTES = (Public, ); }; };
		C45EB42B1CB50EBC00792DF0 /* JWToast.m in Sources */ = {isa = PBXBuildFile; fileRef = C45EB4291CB50EBC00792DF0 /* JWToast.m */; };
		C4CD178C1C9BCABC00187997 /* JWUIKitMacro.h in Headers */ = {isa = PBXBuildFile; fileRef = C4CD178B1C9BCABC00187997 /* JWUIKitMacro.h */; settings = {ATTRIBUTES = (Private, ); }; };
		C4CD17C71C9FEE2400187997 /* UIImage+JWTransform.h in Headers */ = {isa = PBXBuildFile; fileRef = C4CD17C51C9FEE2400187997 /* UIImage+JWTransform.h */; settings = {ATTRIBUTES = (Private, ); }; };
		C4CD17C81C9FEE2400187997 /* UIImage+JWTransform.m in Sources */ = {isa = PBXBuildFile; fileRef = C4CD17C61C9FEE2400187997 /* UIImage+JWTransform.m */; };
		C4CD18041CA0F1B800187997 /* JWAnimatedImageView.h in Headers */ = {isa = PBXBuildFile; fileRef = C4CD17F71CA0F1B800187997 /* JWAnimatedImageView.h */; settings = {ATTRIBUTES = (Public, ); }; };
		C4CD18051CA0F1B800187997 /* JWAnimatedImageView.m in Sources */ = {isa = PBXBuildFile; fileRef = C4CD17F81CA0F1B800187997 /* JWAnimatedImageView.m */; };
		C4CD18061CA0F1B800187997 /* JWFPSLabel.h in Headers */ = {isa = PBXBuildFile; fileRef = C4CD17FA1CA0F1B800187997 /* JWFPSLabel.h */; settings = {ATTRIBUTES = (Public, ); }; };
		C4CD18071CA0F1B800187997 /* JWFPSLabel.m in Sources */ = {isa = PBXBuildFile; fileRef = C4CD17FB1CA0F1B800187997 /* JWFPSLabel.m */; };
		C4CD18081CA0F1B800187997 /* JWTickNumberLabel.h in Headers */ = {isa = PBXBuildFile; fileRef = C4CD17FC1CA0F1B800187997 /* JWTickNumberLabel.h */; settings = {ATTRIBUTES = (Public, ); }; };
		C4CD18091CA0F1B800187997 /* JWTickNumberLabel.m in Sources */ = {isa = PBXBuildFile; fileRef = C4CD17FD1CA0F1B800187997 /* JWTickNumberLabel.m */; };
		C4CD180A1CA0F1B800187997 /* JWPageView.h in Headers */ = {isa = PBXBuildFile; fileRef = C4CD17FF1CA0F1B800187997 /* JWPageView.h */; settings = {ATTRIBUTES = (Public, ); }; };
		C4CD180B1CA0F1B800187997 /* JWPageView.m in Sources */ = {isa = PBXBuildFile; fileRef = C4CD18001CA0F1B800187997 /* JWPageView.m */; };
		C4CD180C1CA0F1B800187997 /* JWTextField.h in Headers */ = {isa = PBXBuildFile; fileRef = C4CD18021CA0F1B800187997 /* JWTextField.h */; settings = {ATTRIBUTES = (Public, ); }; };
		C4CD180D1CA0F1B800187997 /* JWTextField.m in Sources */ = {isa = PBXBuildFile; fileRef = C4CD18031CA0F1B800187997 /* JWTextField.m */; };
		C4CD4EC41CB37D21004DD38A /* JWBaseLoadingView.h in Headers */ = {isa = PBXBuildFile; fileRef = C4CD4EC21CB37D21004DD38A /* JWBaseLoadingView.h */; settings = {ATTRIBUTES = (Public, ); }; };
		C4CD4EC51CB37D21004DD38A /* JWBaseLoadingView.m in Sources */ = {isa = PBXBuildFile; fileRef = C4CD4EC31CB37D21004DD38A /* JWBaseLoadingView.m */; };
		C4CD4F1F1CB4A7AD004DD38A /* JWMaskDrawer.h in Headers */ = {isa = PBXBuildFile; fileRef = C4CD4F1D1CB4A7AD004DD38A /* JWMaskDrawer.h */; settings = {ATTRIBUTES = (Public, ); }; };
		C4CD4F201CB4A7AD004DD38A /* JWMaskDrawer.m in Sources */ = {isa = PBXBuildFile; fileRef = C4CD4F1E1CB4A7AD004DD38A /* JWMaskDrawer.m */; };
		C4D999D11CC716C900903A85 /* JWAnimatedLabel.h in Headers */ = {isa = PBXBuildFile; fileRef = C4D999CF1CC716C900903A85 /* JWAnimatedLabel.h */; settings = {ATTRIBUTES = (Public, ); }; };
		C4D999D21CC716C900903A85 /* JWAnimatedLabel.m in Sources */ = {isa = PBXBuildFile; fileRef = C4D999D01CC716C900903A85 /* JWAnimatedLabel.m */; };
		C4D999D51CC729B800903A85 /* NSString+JWPath.h in Headers */ = {isa = PBXBuildFile; fileRef = C4D999D31CC729B800903A85 /* NSString+JWPath.h */; };
		C4D999D61CC729B800903A85 /* NSString+JWPath.m in Sources */ = {isa = PBXBuildFile; fileRef = C4D999D41CC729B800903A85 /* NSString+JWPath.m */; };
		C4E881301CACF1D2000E1CFF /* JWDotLoadingView.h in Headers */ = {isa = PBXBuildFile; fileRef = C4E8812E1CACF1D2000E1CFF /* JWDotLoadingView.h */; settings = {ATTRIBUTES = (Public, ); }; };
		C4E881311CACF1D2000E1CFF /* JWDotLoadingView.m in Sources */ = {isa = PBXBuildFile; fileRef = C4E8812F1CACF1D2000E1CFF /* JWDotLoadingView.m */; };
		C4F9D49F1CA8D9C200F08726 /* JWCircleProgressView.h in Headers */ = {isa = PBXBuildFile; fileRef = C4F9D49D1CA8D9C200F08726 /* JWCircleProgressView.h */; settings = {ATTRIBUTES = (Public, ); }; };
		C4F9D4A01CA8D9C200F08726 /* JWCircleProgressView.m in Sources */ = {isa = PBXBuildFile; fileRef = C4F9D49E1CA8D9C200F08726 /* JWCircleProgressView.m */; };
		C4F9D4A61CA8D9DE00F08726 /* JWRadarLoadingView.h in Headers */ = {isa = PBXBuildFile; fileRef = C4F9D4A21CA8D9DE00F08726 /* JWRadarLoadingView.h */; settings = {ATTRIBUTES = (Public, ); }; };
		C4F9D4A71CA8D9DE00F08726 /* JWRadarLoadingView.m in Sources */ = {isa = PBXBuildFile; fileRef = C4F9D4A31CA8D9DE00F08726 /* JWRadarLoadingView.m */; };
		C4F9D4A81CA8D9DE00F08726 /* JWBarLoadingView.h in Headers */ = {isa = PBXBuildFile; fileRef = C4F9D4A41CA8D9DE00F08726 /* JWBarLoadingView.h */; settings = {ATTRIBUTES = (Public, ); }; };
		C4F9D4A91CA8D9DE00F08726 /* JWBarLoadingView.m in Sources */ = {isa = PBXBuildFile; fileRef = C4F9D4A51CA8D9DE00F08726 /* JWBarLoadingView.m */; };
/* End PBXBuildFile section */

/* Begin PBXFileReference section */
		05072B6E1CB908F900234EC8 /* JWRefreshHeaderContentView.h */ = {isa = PBXFileReference; fileEncoding = 4; lastKnownFileType = sourcecode.c.h; path = JWRefreshHeaderContentView.h; sourceTree = "<group>"; };
		05072B6F1CB908F900234EC8 /* JWRefreshHeaderContentView.m */ = {isa = PBXFileReference; fileEncoding = 4; lastKnownFileType = sourcecode.c.objc; path = JWRefreshHeaderContentView.m; sourceTree = "<group>"; };
		053808AD1CC13302008C3364 /* JWFoldawayDrawer.h */ = {isa = PBXFileReference; fileEncoding = 4; lastKnownFileType = sourcecode.c.h; path = JWFoldawayDrawer.h; sourceTree = "<group>"; };
		053808AE1CC13302008C3364 /* JWFoldawayDrawer.m */ = {isa = PBXFileReference; fileEncoding = 4; lastKnownFileType = sourcecode.c.objc; path = JWFoldawayDrawer.m; sourceTree = "<group>"; };
		053808B81CC1EA27008C3364 /* JWCamaraMaskView.h */ = {isa = PBXFileReference; fileEncoding = 4; lastKnownFileType = sourcecode.c.h; path = JWCamaraMaskView.h; sourceTree = "<group>"; };
		053808B91CC1EA27008C3364 /* JWCamaraMaskView.m */ = {isa = PBXFileReference; fileEncoding = 4; lastKnownFileType = sourcecode.c.objc; path = JWCamaraMaskView.m; sourceTree = "<group>"; };
		058329931CAC13A000F87BAF /* JWLoadingProtocol.h */ = {isa = PBXFileReference; fileEncoding = 4; lastKnownFileType = sourcecode.c.h; path = JWLoadingProtocol.h; sourceTree = "<group>"; };
		058329941CAC13A000F87BAF /* JWProgressProtocol.h */ = {isa = PBXFileReference; fileEncoding = 4; lastKnownFileType = sourcecode.c.h; path = JWProgressProtocol.h; sourceTree = "<group>"; };
		C4176E291CA8ED7200770F24 /* JWMicrophoneView.h */ = {isa = PBXFileReference; fileEncoding = 4; lastKnownFileType = sourcecode.c.h; path = JWMicrophoneView.h; sourceTree = "<group>"; };
		C4176E2A1CA8ED7200770F24 /* JWMicrophoneView.m */ = {isa = PBXFileReference; fileEncoding = 4; lastKnownFileType = sourcecode.c.objc; path = JWMicrophoneView.m; sourceTree = "<group>"; };
		C4176E2D1CA8EED500770F24 /* JWAlgorithm.m */ = {isa = PBXFileReference; fileEncoding = 4; lastKnownFileType = sourcecode.c.objc; path = JWAlgorithm.m; sourceTree = "<group>"; };
		C4176E2E1CA8EED500770F24 /* JWAlgorithm.h */ = {isa = PBXFileReference; fileEncoding = 4; lastKnownFileType = sourcecode.c.h; path = JWAlgorithm.h; sourceTree = "<group>"; };
		C4176E511CAA1F6200770F24 /* JWCircleLoadingView.h */ = {isa = PBXFileReference; fileEncoding = 4; lastKnownFileType = sourcecode.c.h; path = JWCircleLoadingView.h; sourceTree = "<group>"; };
		C4176E521CAA1F6200770F24 /* JWCircleLoadingView.m */ = {isa = PBXFileReference; fileEncoding = 4; lastKnownFileType = sourcecode.c.objc; path = JWCircleLoadingView.m; sourceTree = "<group>"; };
		C4176E641CAA61A400770F24 /* JWButton.h */ = {isa = PBXFileReference; fileEncoding = 4; lastKnownFileType = sourcecode.c.h; path = JWButton.h; sourceTree = "<group>"; };
		C4176E651CAA61A400770F24 /* JWButton.m */ = {isa = PBXFileReference; fileEncoding = 4; lastKnownFileType = sourcecode.c.objc; path = JWButton.m; sourceTree = "<group>"; };
		C4176E681CAA80FA00770F24 /* UIImage+JWColor.h */ = {isa = PBXFileReference; fileEncoding = 4; lastKnownFileType = sourcecode.c.h; path = "UIImage+JWColor.h"; sourceTree = "<group>"; };
		C4176E691CAA80FA00770F24 /* UIImage+JWColor.m */ = {isa = PBXFileReference; fileEncoding = 4; lastKnownFileType = sourcecode.c.objc; path = "UIImage+JWColor.m"; sourceTree = "<group>"; };
		C4220AB21CCF0D3900100E43 /* JWTextPageControl.h */ = {isa = PBXFileReference; fileEncoding = 4; lastKnownFileType = sourcecode.c.h; path = JWTextPageControl.h; sourceTree = "<group>"; };
		C4220AB31CCF0D3900100E43 /* JWTextPageControl.m */ = {isa = PBXFileReference; fileEncoding = 4; lastKnownFileType = sourcecode.c.objc; path = JWTextPageControl.m; sourceTree = "<group>"; };
		C427D9031CB7A176005AE31A /* JWPageControl.h */ = {isa = PBXFileReference; fileEncoding = 4; lastKnownFileType = sourcecode.c.h; path = JWPageControl.h; sourceTree = "<group>"; };
		C427D9041CB7A176005AE31A /* JWPageControl.m */ = {isa = PBXFileReference; fileEncoding = 4; lastKnownFileType = sourcecode.c.objc; path = JWPageControl.m; sourceTree = "<group>"; };
		C427D90C1CB7ACBE005AE31A /* JWRefreshHeaderView.h */ = {isa = PBXFileReference; fileEncoding = 4; lastKnownFileType = sourcecode.c.h; path = JWRefreshHeaderView.h; sourceTree = "<group>"; };
		C427D90D1CB7ACBE005AE31A /* JWRefreshHeaderView.m */ = {isa = PBXFileReference; fileEncoding = 4; lastKnownFileType = sourcecode.c.objc; path = JWRefreshHeaderView.m; sourceTree = "<group>"; };
		C427D9201CBBA9CF005AE31A /* JWRefreshContentViewProtocol.h */ = {isa = PBXFileReference; fileEncoding = 4; lastKnownFileType = sourcecode.c.h; path = JWRefreshContentViewProtocol.h; sourceTree = "<group>"; };
		C427D9221CBCB513005AE31A /* JWSimpleShape.h */ = {isa = PBXFileReference; fileEncoding = 4; lastKnownFileType = sourcecode.c.h; path = JWSimpleShape.h; sourceTree = "<group>"; };
		C427D9231CBCB513005AE31A /* JWSimpleShape.m */ = {isa = PBXFileReference; fileEncoding = 4; lastKnownFileType = sourcecode.c.objc; path = JWSimpleShape.m; sourceTree = "<group>"; };
		C427D93B1CBCF47C005AE31A /* JWRollNumberLabel.h */ = {isa = PBXFileReference; fileEncoding = 4; lastKnownFileType = sourcecode.c.h; path = JWRollNumberLabel.h; sourceTree = "<group>"; };
		C427D93C1CBCF47C005AE31A /* JWRollNumberLabel.m */ = {isa = PBXFileReference; fileEncoding = 4; lastKnownFileType = sourcecode.c.objc; path = JWRollNumberLabel.m; sourceTree = "<group>"; };
		C4446E201C9935C000FA3176 /* JWUIKit.framework */ = {isa = PBXFileReference; explicitFileType = wrapper.framework; includeInIndex = 0; path = JWUIKit.framework; sourceTree = BUILT_PRODUCTS_DIR; };
		C4446E231C9935C000FA3176 /* JWUIKit.h */ = {isa = PBXFileReference; lastKnownFileType = sourcecode.c.h; path = JWUIKit.h; sourceTree = "<group>"; };
		C4446E251C9935C000FA3176 /* Info.plist */ = {isa = PBXFileReference; lastKnownFileType = text.plist.xml; path = Info.plist; sourceTree = "<group>"; };
		C4446E621C99431100FA3176 /* UIView+JWFrame.h */ = {isa = PBXFileReference; fileEncoding = 4; lastKnownFileType = sourcecode.c.h; path = "UIView+JWFrame.h"; sourceTree = "<group>"; };
		C4446E631C99431100FA3176 /* UIView+JWFrame.m */ = {isa = PBXFileReference; fileEncoding = 4; lastKnownFileType = sourcecode.c.objc; path = "UIView+JWFrame.m"; sourceTree = "<group>"; };
		C45EB4281CB50EBC00792DF0 /* JWToast.h */ = {isa = PBXFileReference; fileEncoding = 4; lastKnownFileType = sourcecode.c.h; path = JWToast.h; sourceTree = "<group>"; };
		C45EB4291CB50EBC00792DF0 /* JWToast.m */ = {isa = PBXFileReference; fileEncoding = 4; lastKnownFileType = sourcecode.c.objc; path = JWToast.m; sourceTree = "<group>"; };
		C4CD178B1C9BCABC00187997 /* JWUIKitMacro.h */ = {isa = PBXFileReference; fileEncoding = 4; lastKnownFileType = sourcecode.c.h; path = JWUIKitMacro.h; sourceTree = "<group>"; };
		C4CD17C51C9FEE2400187997 /* UIImage+JWTransform.h */ = {isa = PBXFileReference; fileEncoding = 4; lastKnownFileType = sourcecode.c.h; path = "UIImage+JWTransform.h"; sourceTree = "<group>"; };
		C4CD17C61C9FEE2400187997 /* UIImage+JWTransform.m */ = {isa = PBXFileReference; fileEncoding = 4; lastKnownFileType = sourcecode.c.objc; path = "UIImage+JWTransform.m"; sourceTree = "<group>"; };
		C4CD17F71CA0F1B800187997 /* JWAnimatedImageView.h */ = {isa = PBXFileReference; fileEncoding = 4; lastKnownFileType = sourcecode.c.h; path = JWAnimatedImageView.h; sourceTree = "<group>"; };
		C4CD17F81CA0F1B800187997 /* JWAnimatedImageView.m */ = {isa = PBXFileReference; fileEncoding = 4; lastKnownFileType = sourcecode.c.objc; path = JWAnimatedImageView.m; sourceTree = "<group>"; };
		C4CD17FA1CA0F1B800187997 /* JWFPSLabel.h */ = {isa = PBXFileReference; fileEncoding = 4; lastKnownFileType = sourcecode.c.h; path = JWFPSLabel.h; sourceTree = "<group>"; };
		C4CD17FB1CA0F1B800187997 /* JWFPSLabel.m */ = {isa = PBXFileReference; fileEncoding = 4; lastKnownFileType = sourcecode.c.objc; path = JWFPSLabel.m; sourceTree = "<group>"; };
		C4CD17FC1CA0F1B800187997 /* JWTickNumberLabel.h */ = {isa = PBXFileReference; fileEncoding = 4; lastKnownFileType = sourcecode.c.h; path = JWTickNumberLabel.h; sourceTree = "<group>"; };
		C4CD17FD1CA0F1B800187997 /* JWTickNumberLabel.m */ = {isa = PBXFileReference; fileEncoding = 4; lastKnownFileType = sourcecode.c.objc; path = JWTickNumberLabel.m; sourceTree = "<group>"; };
		C4CD17FF1CA0F1B800187997 /* JWPageView.h */ = {isa = PBXFileReference; fileEncoding = 4; lastKnownFileType = sourcecode.c.h; path = JWPageView.h; sourceTree = "<group>"; };
		C4CD18001CA0F1B800187997 /* JWPageView.m */ = {isa = PBXFileReference; fileEncoding = 4; lastKnownFileType = sourcecode.c.objc; path = JWPageView.m; sourceTree = "<group>"; };
		C4CD18021CA0F1B800187997 /* JWTextField.h */ = {isa = PBXFileReference; fileEncoding = 4; lastKnownFileType = sourcecode.c.h; path = JWTextField.h; sourceTree = "<group>"; };
		C4CD18031CA0F1B800187997 /* JWTextField.m */ = {isa = PBXFileReference; fileEncoding = 4; lastKnownFileType = sourcecode.c.objc; path = JWTextField.m; sourceTree = "<group>"; };
		C4CD4EC21CB37D21004DD38A /* JWBaseLoadingView.h */ = {isa = PBXFileReference; fileEncoding = 4; lastKnownFileType = sourcecode.c.h; path = JWBaseLoadingView.h; sourceTree = "<group>"; };
		C4CD4EC31CB37D21004DD38A /* JWBaseLoadingView.m */ = {isa = PBXFileReference; fileEncoding = 4; lastKnownFileType = sourcecode.c.objc; path = JWBaseLoadingView.m; sourceTree = "<group>"; };
		C4CD4F1D1CB4A7AD004DD38A /* JWMaskDrawer.h */ = {isa = PBXFileReference; fileEncoding = 4; lastKnownFileType = sourcecode.c.h; path = JWMaskDrawer.h; sourceTree = "<group>"; };
		C4CD4F1E1CB4A7AD004DD38A /* JWMaskDrawer.m */ = {isa = PBXFileReference; fileEncoding = 4; lastKnownFileType = sourcecode.c.objc; path = JWMaskDrawer.m; sourceTree = "<group>"; };
		C4D999CF1CC716C900903A85 /* JWAnimatedLabel.h */ = {isa = PBXFileReference; fileEncoding = 4; lastKnownFileType = sourcecode.c.h; path = JWAnimatedLabel.h; sourceTree = "<group>"; };
		C4D999D01CC716C900903A85 /* JWAnimatedLabel.m */ = {isa = PBXFileReference; fileEncoding = 4; lastKnownFileType = sourcecode.c.objc; path = JWAnimatedLabel.m; sourceTree = "<group>"; };
		C4D999D31CC729B800903A85 /* NSString+JWPath.h */ = {isa = PBXFileReference; fileEncoding = 4; lastKnownFileType = sourcecode.c.h; path = "NSString+JWPath.h"; sourceTree = "<group>"; };
		C4D999D41CC729B800903A85 /* NSString+JWPath.m */ = {isa = PBXFileReference; fileEncoding = 4; lastKnownFileType = sourcecode.c.objc; path = "NSString+JWPath.m"; sourceTree = "<group>"; };
		C4E8812E1CACF1D2000E1CFF /* JWDotLoadingView.h */ = {isa = PBXFileReference; fileEncoding = 4; lastKnownFileType = sourcecode.c.h; path = JWDotLoadingView.h; sourceTree = "<group>"; };
		C4E8812F1CACF1D2000E1CFF /* JWDotLoadingView.m */ = {isa = PBXFileReference; fileEncoding = 4; lastKnownFileType = sourcecode.c.objc; path = JWDotLoadingView.m; sourceTree = "<group>"; };
		C4F9D49D1CA8D9C200F08726 /* JWCircleProgressView.h */ = {isa = PBXFileReference; fileEncoding = 4; lastKnownFileType = sourcecode.c.h; path = JWCircleProgressView.h; sourceTree = "<group>"; };
		C4F9D49E1CA8D9C200F08726 /* JWCircleProgressView.m */ = {isa = PBXFileReference; fileEncoding = 4; lastKnownFileType = sourcecode.c.objc; path = JWCircleProgressView.m; sourceTree = "<group>"; };
		C4F9D4A21CA8D9DE00F08726 /* JWRadarLoadingView.h */ = {isa = PBXFileReference; fileEncoding = 4; lastKnownFileType = sourcecode.c.h; path = JWRadarLoadingView.h; sourceTree = "<group>"; };
		C4F9D4A31CA8D9DE00F08726 /* JWRadarLoadingView.m */ = {isa = PBXFileReference; fileEncoding = 4; lastKnownFileType = sourcecode.c.objc; path = JWRadarLoadingView.m; sourceTree = "<group>"; };
		C4F9D4A41CA8D9DE00F08726 /* JWBarLoadingView.h */ = {isa = PBXFileReference; fileEncoding = 4; lastKnownFileType = sourcecode.c.h; path = JWBarLoadingView.h; sourceTree = "<group>"; };
		C4F9D4A51CA8D9DE00F08726 /* JWBarLoadingView.m */ = {isa = PBXFileReference; fileEncoding = 4; lastKnownFileType = sourcecode.c.objc; path = JWBarLoadingView.m; sourceTree = "<group>"; };
/* End PBXFileReference section */

/* Begin PBXFrameworksBuildPhase section */
		C4446E1C1C9935C000FA3176 /* Frameworks */ = {
			isa = PBXFrameworksBuildPhase;
			buildActionMask = 2147483647;
			files = (
			);
			runOnlyForDeploymentPostprocessing = 0;
		};
/* End PBXFrameworksBuildPhase section */

/* Begin PBXGroup section */
		053808B71CC1E9E7008C3364 /* Mask */ = {
			isa = PBXGroup;
			children = (
				053808B81CC1EA27008C3364 /* JWCamaraMaskView.h */,
				053808B91CC1EA27008C3364 /* JWCamaraMaskView.m */,
			);
			path = Mask;
			sourceTree = "<group>";
		};
		C4176E241CA8ED0C00770F24 /* Shape */ = {
			isa = PBXGroup;
			children = (
				C427D9221CBCB513005AE31A /* JWSimpleShape.h */,
				C427D9231CBCB513005AE31A /* JWSimpleShape.m */,
				C4176E291CA8ED7200770F24 /* JWMicrophoneView.h */,
				C4176E2A1CA8ED7200770F24 /* JWMicrophoneView.m */,
			);
			path = Shape;
			sourceTree = "<group>";
		};
		C4176E5F1CAA607D00770F24 /* Button */ = {
			isa = PBXGroup;
			children = (
				C4176E641CAA61A400770F24 /* JWButton.h */,
				C4176E651CAA61A400770F24 /* JWButton.m */,
			);
			path = Button;
			sourceTree = "<group>";
		};
		C427D9071CB7A78C005AE31A /* PullRefresh */ = {
			isa = PBXGroup;
			children = (
				C427D90C1CB7ACBE005AE31A /* JWRefreshHeaderView.h */,
				C427D90D1CB7ACBE005AE31A /* JWRefreshHeaderView.m */,
				05072B6E1CB908F900234EC8 /* JWRefreshHeaderContentView.h */,
				05072B6F1CB908F900234EC8 /* JWRefreshHeaderContentView.m */,
			);
			path = PullRefresh;
			sourceTree = "<group>";
		};
		C4446E161C9935C000FA3176 = {
			isa = PBXGroup;
			children = (
				C4446E221C9935C000FA3176 /* JWUIKit */,
				C4446E211C9935C000FA3176 /* Products */,
			);
			sourceTree = "<group>";
		};
		C4446E211C9935C000FA3176 /* Products */ = {
			isa = PBXGroup;
			children = (
				C4446E201C9935C000FA3176 /* JWUIKit.framework */,
			);
			name = Products;
			sourceTree = "<group>";
		};
		C4446E221C9935C000FA3176 /* JWUIKit */ = {
			isa = PBXGroup;
			children = (
				C4446E591C99404B00FA3176 /* Core */,
				C4446E541C99364100FA3176 /* Widgets */,
				C4446E231C9935C000FA3176 /* JWUIKit.h */,
				C4446E251C9935C000FA3176 /* Info.plist */,
			);
			path = JWUIKit;
			sourceTree = "<group>";
		};
		C4446E541C99364100FA3176 /* Widgets */ = {
			isa = PBXGroup;
			children = (
				053808B71CC1E9E7008C3364 /* Mask */,
				C427D9071CB7A78C005AE31A /* PullRefresh */,
				C45EB4251CB50E5500792DF0 /* Toast */,
				C4176E5F1CAA607D00770F24 /* Button */,
				C4CD4F1C1CB4A791004DD38A /* Drawer */,
				C4176E241CA8ED0C00770F24 /* Shape */,
				C4F9D4A11CA8D9DE00F08726 /* Loading */,
				C4F9D49C1CA8D9C200F08726 /* Progress */,
				C4CD17F61CA0F1B800187997 /* ImageView */,
				C4CD17F91CA0F1B800187997 /* Label */,
				C4CD17FE1CA0F1B800187997 /* Page */,
				C4CD18011CA0F1B800187997 /* TextField */,
			);
			path = Widgets;
			sourceTree = "<group>";
		};
		C4446E591C99404B00FA3176 /* Core */ = {
			isa = PBXGroup;
			children = (
				C4CD178B1C9BCABC00187997 /* JWUIKitMacro.h */,
				058329931CAC13A000F87BAF /* JWLoadingProtocol.h */,
				058329941CAC13A000F87BAF /* JWProgressProtocol.h */,
				C427D9201CBBA9CF005AE31A /* JWRefreshContentViewProtocol.h */,
				C4176E2E1CA8EED500770F24 /* JWAlgorithm.h */,
				C4176E2D1CA8EED500770F24 /* JWAlgorithm.m */,
				C4176E681CAA80FA00770F24 /* UIImage+JWColor.h */,
				C4176E691CAA80FA00770F24 /* UIImage+JWColor.m */,
				C4CD17C51C9FEE2400187997 /* UIImage+JWTransform.h */,
				C4CD17C61C9FEE2400187997 /* UIImage+JWTransform.m */,
				C4446E621C99431100FA3176 /* UIView+JWFrame.h */,
				C4446E631C99431100FA3176 /* UIView+JWFrame.m */,
				C4D999D31CC729B800903A85 /* NSString+JWPath.h */,
				C4D999D41CC729B800903A85 /* NSString+JWPath.m */,
			);
			path = Core;
			sourceTree = "<group>";
		};
		C45EB4251CB50E5500792DF0 /* Toast */ = {
			isa = PBXGroup;
			children = (
				C45EB4281CB50EBC00792DF0 /* JWToast.h */,
				C45EB4291CB50EBC00792DF0 /* JWToast.m */,
			);
			path = Toast;
			sourceTree = "<group>";
		};
		C4CD17F61CA0F1B800187997 /* ImageView */ = {
			isa = PBXGroup;
			children = (
				C4CD17F71CA0F1B800187997 /* JWAnimatedImageView.h */,
				C4CD17F81CA0F1B800187997 /* JWAnimatedImageView.m */,
			);
			path = ImageView;
			sourceTree = "<group>";
		};
		C4CD17F91CA0F1B800187997 /* Label */ = {
			isa = PBXGroup;
			children = (
				C4CD17FA1CA0F1B800187997 /* JWFPSLabel.h */,
				C4CD17FB1CA0F1B800187997 /* JWFPSLabel.m */,
				C4CD17FC1CA0F1B800187997 /* JWTickNumberLabel.h */,
				C4CD17FD1CA0F1B800187997 /* JWTickNumberLabel.m */,
				C4D999CF1CC716C900903A85 /* JWAnimatedLabel.h */,
				C4D999D01CC716C900903A85 /* JWAnimatedLabel.m */,
				C427D93B1CBCF47C005AE31A /* JWRollNumberLabel.h */,
				C427D93C1CBCF47C005AE31A /* JWRollNumberLabel.m */,
			);
			path = Label;
			sourceTree = "<group>";
		};
		C4CD17FE1CA0F1B800187997 /* Page */ = {
			isa = PBXGroup;
			children = (
				C4CD17FF1CA0F1B800187997 /* JWPageView.h */,
				C4CD18001CA0F1B800187997 /* JWPageView.m */,
				C427D9031CB7A176005AE31A /* JWPageControl.h */,
				C427D9041CB7A176005AE31A /* JWPageControl.m */,
				C4220AB21CCF0D3900100E43 /* JWTextPageControl.h */,
				C4220AB31CCF0D3900100E43 /* JWTextPageControl.m */,
			);
			path = Page;
			sourceTree = "<group>";
		};
		C4CD18011CA0F1B800187997 /* TextField */ = {
			isa = PBXGroup;
			children = (
				C4CD18021CA0F1B800187997 /* JWTextField.h */,
				C4CD18031CA0F1B800187997 /* JWTextField.m */,
			);
			path = TextField;
			sourceTree = "<group>";
		};
		C4CD4F1C1CB4A791004DD38A /* Drawer */ = {
			isa = PBXGroup;
			children = (
				C4CD4F1D1CB4A7AD004DD38A /* JWMaskDrawer.h */,
				C4CD4F1E1CB4A7AD004DD38A /* JWMaskDrawer.m */,
				053808AD1CC13302008C3364 /* JWFoldawayDrawer.h */,
				053808AE1CC13302008C3364 /* JWFoldawayDrawer.m */,
			);
			path = Drawer;
			sourceTree = "<group>";
		};
		C4F9D49C1CA8D9C200F08726 /* Progress */ = {
			isa = PBXGroup;
			children = (
				C4F9D49D1CA8D9C200F08726 /* JWCircleProgressView.h */,
				C4F9D49E1CA8D9C200F08726 /* JWCircleProgressView.m */,
			);
			path = Progress;
			sourceTree = "<group>";
		};
		C4F9D4A11CA8D9DE00F08726 /* Loading */ = {
			isa = PBXGroup;
			children = (
				C4CD4EC21CB37D21004DD38A /* JWBaseLoadingView.h */,
				C4CD4EC31CB37D21004DD38A /* JWBaseLoadingView.m */,
				C4F9D4A21CA8D9DE00F08726 /* JWRadarLoadingView.h */,
				C4F9D4A31CA8D9DE00F08726 /* JWRadarLoadingView.m */,
				C4F9D4A41CA8D9DE00F08726 /* JWBarLoadingView.h */,
				C4F9D4A51CA8D9DE00F08726 /* JWBarLoadingView.m */,
				C4176E511CAA1F6200770F24 /* JWCircleLoadingView.h */,
				C4176E521CAA1F6200770F24 /* JWCircleLoadingView.m */,
				C4E8812E1CACF1D2000E1CFF /* JWDotLoadingView.h */,
				C4E8812F1CACF1D2000E1CFF /* JWDotLoadingView.m */,
			);
			path = Loading;
			sourceTree = "<group>";
		};
/* End PBXGroup section */

/* Begin PBXHeadersBuildPhase section */
		C4446E1D1C9935C000FA3176 /* Headers */ = {
			isa = PBXHeadersBuildPhase;
			buildActionMask = 2147483647;
			files = (
				C4446E241C9935C000FA3176 /* JWUIKit.h in Headers */,
				C4176E301CA8EED500770F24 /* JWAlgorithm.h in Headers */,
				C4CD18041CA0F1B800187997 /* JWAnimatedImageView.h in Headers */,
				C4CD180A1CA0F1B800187997 /* JWPageView.h in Headers */,
				C4D999D51CC729B800903A85 /* NSString+JWPath.h in Headers */,
				C427D93D1CBCF47C005AE31A /* JWRollNumberLabel.h in Headers */,
				C4CD18061CA0F1B800187997 /* JWFPSLabel.h in Headers */,
				C4CD180C1CA0F1B800187997 /* JWTextField.h in Headers */,
				C4CD18081CA0F1B800187997 /* JWTickNumberLabel.h in Headers */,
				C4F9D4A61CA8D9DE00F08726 /* JWRadarLoadingView.h in Headers */,
				C4F9D4A81CA8D9DE00F08726 /* JWBarLoadingView.h in Headers */,
				C4176E2B1CA8ED7200770F24 /* JWMicrophoneView.h in Headers */,
				C4176E661CAA61A400770F24 /* JWButton.h in Headers */,
				C4176E531CAA1F6200770F24 /* JWCircleLoadingView.h in Headers */,
				C4F9D49F1CA8D9C200F08726 /* JWCircleProgressView.h in Headers */,
				058329961CAC13A000F87BAF /* JWProgressProtocol.h in Headers */,
				C4E881301CACF1D2000E1CFF /* JWDotLoadingView.h in Headers */,
				053808AF1CC13302008C3364 /* JWFoldawayDrawer.h in Headers */,
				C4CD4EC41CB37D21004DD38A /* JWBaseLoadingView.h in Headers */,
				C4CD4F1F1CB4A7AD004DD38A /* JWMaskDrawer.h in Headers */,
				C45EB42A1CB50EBC00792DF0 /* JWToast.h in Headers */,
				058329951CAC13A000F87BAF /* JWLoadingProtocol.h in Headers */,
				C427D90E1CB7ACBE005AE31A /* JWRefreshHeaderView.h in Headers */,
				C427D9051CB7A176005AE31A /* JWPageControl.h in Headers */,
				C427D9211CBBA9CF005AE31A /* JWRefreshContentViewProtocol.h in Headers */,
				053808BA1CC1EA27008C3364 /* JWCamaraMaskView.h in Headers */,
				C4220AB41CCF0D3900100E43 /* JWTextPageControl.h in Headers */,
				C4D999D11CC716C900903A85 /* JWAnimatedLabel.h in Headers */,
				C427D9241CBCB513005AE31A /* JWSimpleShape.h in Headers */,
				05072B701CB908F900234EC8 /* JWRefreshHeaderContentView.h in Headers */,
				C4CD178C1C9BCABC00187997 /* JWUIKitMacro.h in Headers */,
				C4CD17C71C9FEE2400187997 /* UIImage+JWTransform.h in Headers */,
				C4176E6A1CAA80FA00770F24 /* UIImage+JWColor.h in Headers */,
				C4446E641C99431100FA3176 /* UIView+JWFrame.h in Headers */,
			);
			runOnlyForDeploymentPostprocessing = 0;
		};
/* End PBXHeadersBuildPhase section */

/* Begin PBXNativeTarget section */
		C4446E1F1C9935C000FA3176 /* JWUIKit */ = {
			isa = PBXNativeTarget;
			buildConfigurationList = C4446E281C9935C000FA3176 /* Build configuration list for PBXNativeTarget "JWUIKit" */;
			buildPhases = (
				C4446E1B1C9935C000FA3176 /* Sources */,
				C4446E1C1C9935C000FA3176 /* Frameworks */,
				C4446E1D1C9935C000FA3176 /* Headers */,
				C4446E1E1C9935C000FA3176 /* Resources */,
			);
			buildRules = (
			);
			dependencies = (
			);
			name = JWUIKit;
			productName = JWUIKit;
			productReference = C4446E201C9935C000FA3176 /* JWUIKit.framework */;
			productType = "com.apple.product-type.framework";
		};
/* End PBXNativeTarget section */

/* Begin PBXProject section */
		C4446E171C9935C000FA3176 /* Project object */ = {
			isa = PBXProject;
			attributes = {
				LastSwiftUpdateCheck = 0730;
				LastUpgradeCheck = 0720;
				ORGANIZATIONNAME = "Jerry Wong";
				TargetAttributes = {
					C4446E1F1C9935C000FA3176 = {
						CreatedOnToolsVersion = 7.2.1;
						DevelopmentTeam = F93845W87F;
					};
				};
			};
			buildConfigurationList = C4446E1A1C9935C000FA3176 /* Build configuration list for PBXProject "JWUIKit" */;
			compatibilityVersion = "Xcode 3.2";
			developmentRegion = English;
			hasScannedForEncodings = 0;
			knownRegions = (
				en,
			);
			mainGroup = C4446E161C9935C000FA3176;
			productRefGroup = C4446E211C9935C000FA3176 /* Products */;
			projectDirPath = "";
			projectRoot = "";
			targets = (
				C4446E1F1C9935C000FA3176 /* JWUIKit */,
			);
		};
/* End PBXProject section */

/* Begin PBXResourcesBuildPhase section */
		C4446E1E1C9935C000FA3176 /* Resources */ = {
			isa = PBXResourcesBuildPhase;
			buildActionMask = 2147483647;
			files = (
			);
			runOnlyForDeploymentPostprocessing = 0;
		};
/* End PBXResourcesBuildPhase section */

/* Begin PBXSourcesBuildPhase section */
		C4446E1B1C9935C000FA3176 /* Sources */ = {
			isa = PBXSourcesBuildPhase;
			buildActionMask = 2147483647;
			files = (
				C4D999D21CC716C900903A85 /* JWAnimatedLabel.m in Sources */,
				C4CD17C81C9FEE2400187997 /* UIImage+JWTransform.m in Sources */,
				C4176E541CAA1F6200770F24 /* JWCircleLoadingView.m in Sources */,
				C4176E2F1CA8EED500770F24 /* JWAlgorithm.m in Sources */,
				C4CD180D1CA0F1B800187997 /* JWTextField.m in Sources */,
				C4CD18051CA0F1B800187997 /* JWAnimatedImageView.m in Sources */,
				C4CD4F201CB4A7AD004DD38A /* JWMaskDrawer.m in Sources */,
				C4CD18091CA0F1B800187997 /* JWTickNumberLabel.m in Sources */,
				C4E881311CACF1D2000E1CFF /* JWDotLoadingView.m in Sources */,
				C4176E2C1CA8ED7200770F24 /* JWMicrophoneView.m in Sources */,
				C4CD4EC51CB37D21004DD38A /* JWBaseLoadingView.m in Sources */,
				C427D90F1CB7ACBE005AE31A /* JWRefreshHeaderView.m in Sources */,
				C4220AB51CCF0D3900100E43 /* JWTextPageControl.m in Sources */,
				C4176E6B1CAA80FA00770F24 /* UIImage+JWColor.m in Sources */,
				C4446E651C99431100FA3176 /* UIView+JWFrame.m in Sources */,
				C4CD18071CA0F1B800187997 /* JWFPSLabel.m in Sources */,
				C427D9251CBCB513005AE31A /* JWSimpleShape.m in Sources */,
				05072B711CB908F900234EC8 /* JWRefreshHeaderContentView.m in Sources */,
				C4D999D61CC729B800903A85 /* NSString+JWPath.m in Sources */,
				053808BB1CC1EA27008C3364 /* JWCamaraMaskView.m in Sources */,
				C4F9D4A91CA8D9DE00F08726 /* JWBarLoadingView.m in Sources */,
				C427D93E1CBCF47C005AE31A /* JWRollNumberLabel.m in Sources */,
				C4F9D4A71CA8D9DE00F08726 /* JWRadarLoadingView.m in Sources */,
				C4176E671CAA61A400770F24 /* JWButton.m in Sources */,
				C45EB42B1CB50EBC00792DF0 /* JWToast.m in Sources */,
				C427D9061CB7A176005AE31A /* JWPageControl.m in Sources */,
				C4CD180B1CA0F1B800187997 /* JWPageView.m in Sources */,
				053808B01CC13302008C3364 /* JWFoldawayDrawer.m in Sources */,
				C4F9D4A01CA8D9C200F08726 /* JWCircleProgressView.m in Sources */,
			);
			runOnlyForDeploymentPostprocessing = 0;
		};
/* End PBXSourcesBuildPhase section */

/* Begin XCBuildConfiguration section */
		C4446E261C9935C000FA3176 /* Debug */ = {
			isa = XCBuildConfiguration;
			buildSettings = {
				ALWAYS_SEARCH_USER_PATHS = NO;
				CLANG_CXX_LANGUAGE_STANDARD = "gnu++0x";
				CLANG_CXX_LIBRARY = "libc++";
				CLANG_ENABLE_MODULES = YES;
				CLANG_ENABLE_OBJC_ARC = YES;
				CLANG_WARN_BOOL_CONVERSION = YES;
				CLANG_WARN_CONSTANT_CONVERSION = YES;
				CLANG_WARN_DIRECT_OBJC_ISA_USAGE = YES_ERROR;
				CLANG_WARN_EMPTY_BODY = YES;
				CLANG_WARN_ENUM_CONVERSION = YES;
				CLANG_WARN_INT_CONVERSION = YES;
				CLANG_WARN_OBJC_ROOT_CLASS = YES_ERROR;
				CLANG_WARN_UNREACHABLE_CODE = YES;
				CLANG_WARN__DUPLICATE_METHOD_MATCH = YES;
				"CODE_SIGN_IDENTITY[sdk=iphoneos*]" = "iPhone Developer";
				COPY_PHASE_STRIP = NO;
				CURRENT_PROJECT_VERSION = 1;
				DEBUG_INFORMATION_FORMAT = dwarf;
				ENABLE_STRICT_OBJC_MSGSEND = YES;
				ENABLE_TESTABILITY = YES;
				GCC_C_LANGUAGE_STANDARD = gnu99;
				GCC_DYNAMIC_NO_PIC = NO;
				GCC_NO_COMMON_BLOCKS = YES;
				GCC_OPTIMIZATION_LEVEL = 0;
				GCC_PREPROCESSOR_DEFINITIONS = (
					"DEBUG=1",
					"$(inherited)",
				);
				GCC_WARN_64_TO_32_BIT_CONVERSION = YES;
				GCC_WARN_ABOUT_RETURN_TYPE = YES_ERROR;
				GCC_WARN_UNDECLARED_SELECTOR = YES;
				GCC_WARN_UNINITIALIZED_AUTOS = YES_AGGRESSIVE;
				GCC_WARN_UNUSED_FUNCTION = YES;
				GCC_WARN_UNUSED_VARIABLE = YES;
				IPHONEOS_DEPLOYMENT_TARGET = 9.2;
				MTL_ENABLE_DEBUG_INFO = YES;
				ONLY_ACTIVE_ARCH = YES;
				SDKROOT = iphoneos;
				TARGETED_DEVICE_FAMILY = "1,2";
				VERSIONING_SYSTEM = "apple-generic";
				VERSION_INFO_PREFIX = "";
			};
			name = Debug;
		};
		C4446E271C9935C000FA3176 /* Release */ = {
			isa = XCBuildConfiguration;
			buildSettings = {
				ALWAYS_SEARCH_USER_PATHS = NO;
				CLANG_CXX_LANGUAGE_STANDARD = "gnu++0x";
				CLANG_CXX_LIBRARY = "libc++";
				CLANG_ENABLE_MODULES = YES;
				CLANG_ENABLE_OBJC_ARC = YES;
				CLANG_WARN_BOOL_CONVERSION = YES;
				CLANG_WARN_CONSTANT_CONVERSION = YES;
				CLANG_WARN_DIRECT_OBJC_ISA_USAGE = YES_ERROR;
				CLANG_WARN_EMPTY_BODY = YES;
				CLANG_WARN_ENUM_CONVERSION = YES;
				CLANG_WARN_INT_CONVERSION = YES;
				CLANG_WARN_OBJC_ROOT_CLASS = YES_ERROR;
				CLANG_WARN_UNREACHABLE_CODE = YES;
				CLANG_WARN__DUPLICATE_METHOD_MATCH = YES;
				"CODE_SIGN_IDENTITY[sdk=iphoneos*]" = "iPhone Developer";
				COPY_PHASE_STRIP = NO;
				CURRENT_PROJECT_VERSION = 1;
				DEBUG_INFORMATION_FORMAT = "dwarf-with-dsym";
				ENABLE_NS_ASSERTIONS = NO;
				ENABLE_STRICT_OBJC_MSGSEND = YES;
				GCC_C_LANGUAGE_STANDARD = gnu99;
				GCC_NO_COMMON_BLOCKS = YES;
				GCC_WARN_64_TO_32_BIT_CONVERSION = YES;
				GCC_WARN_ABOUT_RETURN_TYPE = YES_ERROR;
				GCC_WARN_UNDECLARED_SELECTOR = YES;
				GCC_WARN_UNINITIALIZED_AUTOS = YES_AGGRESSIVE;
				GCC_WARN_UNUSED_FUNCTION = YES;
				GCC_WARN_UNUSED_VARIABLE = YES;
				IPHONEOS_DEPLOYMENT_TARGET = 9.2;
				MTL_ENABLE_DEBUG_INFO = NO;
				SDKROOT = iphoneos;
				TARGETED_DEVICE_FAMILY = "1,2";
				VALIDATE_PRODUCT = YES;
				VERSIONING_SYSTEM = "apple-generic";
				VERSION_INFO_PREFIX = "";
			};
			name = Release;
		};
		C4446E291C9935C000FA3176 /* Debug */ = {
			isa = XCBuildConfiguration;
			buildSettings = {
				CLANG_ENABLE_MODULES = YES;
				CODE_SIGN_IDENTITY = "iPhone Developer";
				DEFINES_MODULE = YES;
				DYLIB_COMPATIBILITY_VERSION = 1;
				DYLIB_CURRENT_VERSION = 1;
				DYLIB_INSTALL_NAME_BASE = "@rpath";
				INFOPLIST_FILE = JWUIKit/Info.plist;
				INSTALL_PATH = "$(LOCAL_LIBRARY_DIR)/Frameworks";
				IPHONEOS_DEPLOYMENT_TARGET = 8.0;
				LD_RUNPATH_SEARCH_PATHS = "$(inherited) @executable_path/Frameworks @loader_path/Frameworks";
				ONLY_ACTIVE_ARCH = YES;
				PRODUCT_BUNDLE_IDENTIFIER = com.jerry.JWUIKit;
				PRODUCT_NAME = "$(TARGET_NAME)";
				SKIP_INSTALL = YES;
				SWIFT_OPTIMIZATION_LEVEL = "-Onone";
			};
			name = Debug;
		};
		C4446E2A1C9935C000FA3176 /* Release */ = {
			isa = XCBuildConfiguration;
			buildSettings = {
				CLANG_ENABLE_MODULES = YES;
				CODE_SIGN_IDENTITY = "iPhone Developer";
				DEFINES_MODULE = YES;
				DYLIB_COMPATIBILITY_VERSION = 1;
				DYLIB_CURRENT_VERSION = 1;
				DYLIB_INSTALL_NAME_BASE = "@rpath";
				INFOPLIST_FILE = JWUIKit/Info.plist;
				INSTALL_PATH = "$(LOCAL_LIBRARY_DIR)/Frameworks";
				IPHONEOS_DEPLOYMENT_TARGET = 8.0;
				LD_RUNPATH_SEARCH_PATHS = "$(inherited) @executable_path/Frameworks @loader_path/Frameworks";
				ONLY_ACTIVE_ARCH = NO;
				PRODUCT_BUNDLE_IDENTIFIER = com.jerry.JWUIKit;
				PRODUCT_NAME = "$(TARGET_NAME)";
				SKIP_INSTALL = YES;
			};
			name = Release;
		};
/* End XCBuildConfiguration section */

/* Begin XCConfigurationList section */
		C4446E1A1C9935C000FA3176 /* Build configuration list for PBXProject "JWUIKit" */ = {
			isa = XCConfigurationList;
			buildConfigurations = (
				C4446E261C9935C000FA3176 /* Debug */,
				C4446E271C9935C000FA3176 /* Release */,
			);
			defaultConfigurationIsVisible = 0;
			defaultConfigurationName = Release;
		};
		C4446E281C9935C000FA3176 /* Build configuration list for PBXNativeTarget "JWUIKit" */ = {
			isa = XCConfigurationList;
			buildConfigurations = (
				C4446E291C9935C000FA3176 /* Debug */,
				C4446E2A1C9935C000FA3176 /* Release */,
			);
			defaultConfigurationIsVisible = 0;
			defaultConfigurationName = Release;
		};
/* End XCConfigurationList section */
	};
	rootObject = C4446E171C9935C000FA3176 /* Project object */;
}
